
Microsoft Visual Studio Solution File, Format Version 12.00
# Visual Studio Version 17
VisualStudioVersion = 17.14.36811.4 d17.14
MinimumVisualStudioVersion = 10.0.40219.1
Project("{FAE04EC0-301F-11D3-BF4B-00C04F79EFBC}") = "Wk4Challenge", "Wk4Challenge.csproj", "{413873A6-237D-4AB3-AB39-01D83414F72E}"
EndProject
Global
	GlobalSection(SolutionConfigurationPlatforms) = preSolution
		Debug|Any CPU = Debug|Any CPU
		Release|Any CPU = Release|Any CPU
	EndGlobalSection
	GlobalSection(ProjectConfigurationPlatforms) = postSolution
		{413873A6-237D-4AB3-AB39-01D83414F72E}.Debug|Any CPU.ActiveCfg = Debug|Any CPU
		{413873A6-237D-4AB3-AB39-01D83414F72E}.Debug|Any CPU.Build.0 = Debug|Any CPU
		{413873A6-237D-4AB3-AB39-01D83414F72E}.Release|Any CPU.ActiveCfg = Release|Any CPU
		{413873A6-237D-4AB3-AB39-01D83414F72E}.Release|Any CPU.Build.0 = Release|Any CPU
	EndGlobalSection
	GlobalSection(SolutionProperties) = preSolution
		HideSolutionNode = FALSE
	EndGlobalSection
	GlobalSection(ExtensibilityGlobals) = postSolution
		SolutionGuid = {F78EA077-F221-4C9E-B3E2-A2DBC409B55A}
	EndGlobalSection
EndGlobal
